
Microsoft Visual Studio Solution File, Format Version 12.00
# Visual Studio Version 16
VisualStudioVersion = 16.0.31729.503
MinimumVisualStudioVersion = 10.0.40219.1
Project("{FAE04EC0-301F-11D3-BF4B-00C04F79EFBC}") = "moment3_Guestbook", "moment3_Guestbook\moment3_Guestbook.csproj", "{1F286FF9-DA31-4CC5-9768-B3CF99488841}"
EndProject
Global
	GlobalSection(SolutionConfigurationPlatforms) = preSolution
		Debug|Any CPU = Debug|Any CPU
		Release|Any CPU = Release|Any CPU
	EndGlobalSection
	GlobalSection(ProjectConfigurationPlatforms) = postSolution
		{1F286FF9-DA31-4CC5-9768-B3CF99488841}.Debug|Any CPU.ActiveCfg = Debug|Any CPU
		{1F286FF9-DA31-4CC5-9768-B3CF99488841}.Debug|Any CPU.Build.0 = Debug|Any CPU
		{1F286FF9-DA31-4CC5-9768-B3CF99488841}.Release|Any CPU.ActiveCfg = Release|Any CPU
		{1F286FF9-DA31-4CC5-9768-B3CF99488841}.Release|Any CPU.Build.0 = Release|Any CPU
	EndGlobalSection
	GlobalSection(SolutionProperties) = preSolution
		HideSolutionNode = FALSE
	EndGlobalSection
	GlobalSection(ExtensibilityGlobals) = postSolution
		SolutionGuid = {B78A3887-F13B-4403-8441-0ED2C068B0F8}
	EndGlobalSection
EndGlobal
